
Microsoft Visual Studio Solution File, Format Version 12.00
# Visual Studio Version 16
VisualStudioVersion = 16.0.30225.117
MinimumVisualStudioVersion = 10.0.40219.1
Project("{FAE04EC0-301F-11D3-BF4B-00C04F79EFBC}") = "user-api", "user-api\user-api.csproj", "{BDC69F66-5B69-42B6-B5B4-F206469D0112}"
EndProject
Project("{FAE04EC0-301F-11D3-BF4B-00C04F79EFBC}") = "user-services", "user-services\user-services.csproj", "{43C32D74-EB6D-4625-830E-A9F37E406F62}"
EndProject
Global
	GlobalSection(SolutionConfigurationPlatforms) = preSolution
		Debug|Any CPU = Debug|Any CPU
		Release|Any CPU = Release|Any CPU
	EndGlobalSection
	GlobalSection(ProjectConfigurationPlatforms) = postSolution
		{BDC69F66-5B69-42B6-B5B4-F206469D0112}.Debug|Any CPU.ActiveCfg = Debug|Any CPU
		{BDC69F66-5B69-42B6-B5B4-F206469D0112}.Debug|Any CPU.Build.0 = Debug|Any CPU
		{BDC69F66-5B69-42B6-B5B4-F206469D0112}.Release|Any CPU.ActiveCfg = Release|Any CPU
		{BDC69F66-5B69-42B6-B5B4-F206469D0112}.Release|Any CPU.Build.0 = Release|Any CPU
		{43C32D74-EB6D-4625-830E-A9F37E406F62}.Debug|Any CPU.ActiveCfg = Debug|Any CPU
		{43C32D74-EB6D-4625-830E-A9F37E406F62}.Debug|Any CPU.Build.0 = Debug|Any CPU
		{43C32D74-EB6D-4625-830E-A9F37E406F62}.Release|Any CPU.ActiveCfg = Release|Any CPU
		{43C32D74-EB6D-4625-830E-A9F37E406F62}.Release|Any CPU.Build.0 = Release|Any CPU
	EndGlobalSection
	GlobalSection(SolutionProperties) = preSolution
		HideSolutionNode = FALSE
	EndGlobalSection
	GlobalSection(ExtensibilityGlobals) = postSolution
		SolutionGuid = {67F7BD65-F6B7-4BD5-B5DE-0ABEDF744D75}
	EndGlobalSection
EndGlobal
